
Microsoft Visual Studio Solution File, Format Version 12.00
# Visual Studio Version 17
VisualStudioVersion = 17.10.35013.160
MinimumVisualStudioVersion = 10.0.40219.1
Project("{9A19103F-16F7-4668-BE54-9A1E7A4F7556}") = "DataLayer", "DataLayer\DataLayer.csproj", "{102FEF02-302F-436B-A5F7-23AD49F458F7}"
EndProject
Project("{9A19103F-16F7-4668-BE54-9A1E7A4F7556}") = "EntityFramework", "EntityFramework\EntityFramework.csproj", "{ED4CC887-44B2-4D80-A09E-A478840AAE7C}"
EndProject
Project("{9A19103F-16F7-4668-BE54-9A1E7A4F7556}") = "BLL", "BLL\BLL.csproj", "{5D97B182-ACF5-405D-A39D-5EB1FC557193}"
EndProject
Project("{FAE04EC0-301F-11D3-BF4B-00C04F79EFBC}") = "UnitTests", "UnitTests\UnitTests.csproj", "{CA386C9C-A61D-4000-8C2E-450D10E58A01}"
EndProject
Global
	GlobalSection(SolutionConfigurationPlatforms) = preSolution
		Debug|Any CPU = Debug|Any CPU
		Release|Any CPU = Release|Any CPU
	EndGlobalSection
	GlobalSection(ProjectConfigurationPlatforms) = postSolution
		{102FEF02-302F-436B-A5F7-23AD49F458F7}.Debug|Any CPU.ActiveCfg = Debug|Any CPU
		{102FEF02-302F-436B-A5F7-23AD49F458F7}.Debug|Any CPU.Build.0 = Debug|Any CPU
		{102FEF02-302F-436B-A5F7-23AD49F458F7}.Release|Any CPU.ActiveCfg = Release|Any CPU
		{102FEF02-302F-436B-A5F7-23AD49F458F7}.Release|Any CPU.Build.0 = Release|Any CPU
		{ED4CC887-44B2-4D80-A09E-A478840AAE7C}.Debug|Any CPU.ActiveCfg = Debug|Any CPU
		{ED4CC887-44B2-4D80-A09E-A478840AAE7C}.Debug|Any CPU.Build.0 = Debug|Any CPU
		{ED4CC887-44B2-4D80-A09E-A478840AAE7C}.Release|Any CPU.ActiveCfg = Release|Any CPU
		{ED4CC887-44B2-4D80-A09E-A478840AAE7C}.Release|Any CPU.Build.0 = Release|Any CPU
		{5D97B182-ACF5-405D-A39D-5EB1FC557193}.Debug|Any CPU.ActiveCfg = Debug|Any CPU
		{5D97B182-ACF5-405D-A39D-5EB1FC557193}.Debug|Any CPU.Build.0 = Debug|Any CPU
		{5D97B182-ACF5-405D-A39D-5EB1FC557193}.Release|Any CPU.ActiveCfg = Release|Any CPU
		{5D97B182-ACF5-405D-A39D-5EB1FC557193}.Release|Any CPU.Build.0 = Release|Any CPU
		{CA386C9C-A61D-4000-8C2E-450D10E58A01}.Debug|Any CPU.ActiveCfg = Debug|Any CPU
		{CA386C9C-A61D-4000-8C2E-450D10E58A01}.Debug|Any CPU.Build.0 = Debug|Any CPU
		{CA386C9C-A61D-4000-8C2E-450D10E58A01}.Release|Any CPU.ActiveCfg = Release|Any CPU
		{CA386C9C-A61D-4000-8C2E-450D10E58A01}.Release|Any CPU.Build.0 = Release|Any CPU
	EndGlobalSection
	GlobalSection(SolutionProperties) = preSolution
		HideSolutionNode = FALSE
	EndGlobalSection
	GlobalSection(ExtensibilityGlobals) = postSolution
		SolutionGuid = {EBB1CF00-43F2-4336-990F-A14AA67C5445}
	EndGlobalSection
EndGlobal
